
Microsoft Visual Studio Solution File, Format Version 12.00
# Visual Studio Version 16
VisualStudioVersion = 16.0.30907.101
MinimumVisualStudioVersion = 10.0.40219.1
Project("{FAE04EC0-301F-11D3-BF4B-00C04F79EFBC}") = "ShippingManagementSystem", "ShippingManagementSystem.csproj", "{7CBF2ACA-FA28-4C57-B8F2-241798AF5961}"
EndProject
Global
	GlobalSection(SolutionConfigurationPlatforms) = preSolution
		Debug|Any CPU = Debug|Any CPU
		Release|Any CPU = Release|Any CPU
	EndGlobalSection
	GlobalSection(ProjectConfigurationPlatforms) = postSolution
		{7CBF2ACA-FA28-4C57-B8F2-241798AF5961}.Debug|Any CPU.ActiveCfg = Debug|Any CPU
		{7CBF2ACA-FA28-4C57-B8F2-241798AF5961}.Debug|Any CPU.Build.0 = Debug|Any CPU
		{7CBF2ACA-FA28-4C57-B8F2-241798AF5961}.Release|Any CPU.ActiveCfg = Release|Any CPU
		{7CBF2ACA-FA28-4C57-B8F2-241798AF5961}.Release|Any CPU.Build.0 = Release|Any CPU
	EndGlobalSection
	GlobalSection(SolutionProperties) = preSolution
		HideSolutionNode = FALSE
	EndGlobalSection
	GlobalSection(ExtensibilityGlobals) = postSolution
		SolutionGuid = {F9779E4F-7857-4AF9-82DA-9BDE0EC97F1F}
	EndGlobalSection
EndGlobal
